
Microsoft Visual Studio Solution File, Format Version 12.00
# Visual Studio 15
VisualStudioVersion = 15.0.28010.2046
MinimumVisualStudioVersion = 10.0.40219.1
Project("{2150E333-8FDC-42A3-9474-1A3956D46DE8}") = "src", "src", "{D8258D7A-4D2C-4609-A8BF-50273FDB4C63}"
EndProject
Project("{2150E333-8FDC-42A3-9474-1A3956D46DE8}") = "Solution Items", "Solution Items", "{B7EC56B7-442E-41B5-9FDC-7BC5886E5688}"
	ProjectSection(SolutionItems) = preProject
		global.json = global.json
	EndProjectSection
EndProject
Project("{8BB2217D-0F2D-49D1-97BC-3654ED321F3B}") = "Secullum.Validation", "src\Secullum.Validation\Secullum.Validation.xproj", "{C1DC91EB-B7F3-458D-9938-29806B3E6D27}"
EndProject
Project("{8BB2217D-0F2D-49D1-97BC-3654ED321F3B}") = "Secullum.Validation.Tests", "test\Secullum.Validation.Tests\Secullum.Validation.Tests.xproj", "{BCBFDF64-7A9B-44D9-A89B-0AC2F0421E04}"
EndProject
Project("{2150E333-8FDC-42A3-9474-1A3956D46DE8}") = "test", "test", "{B0B38BF6-BBF9-40AF-A73B-27E71A0E4057}"
EndProject
Global
	GlobalSection(SolutionConfigurationPlatforms) = preSolution
		Debug|Any CPU = Debug|Any CPU
		Release|Any CPU = Release|Any CPU
	EndGlobalSection
	GlobalSection(ProjectConfigurationPlatforms) = postSolution
		{C1DC91EB-B7F3-458D-9938-29806B3E6D27}.Debug|Any CPU.ActiveCfg = Debug|Any CPU
		{C1DC91EB-B7F3-458D-9938-29806B3E6D27}.Debug|Any CPU.Build.0 = Debug|Any CPU
		{C1DC91EB-B7F3-458D-9938-29806B3E6D27}.Release|Any CPU.ActiveCfg = Release|Any CPU
		{C1DC91EB-B7F3-458D-9938-29806B3E6D27}.Release|Any CPU.Build.0 = Release|Any CPU
		{BCBFDF64-7A9B-44D9-A89B-0AC2F0421E04}.Debug|Any CPU.ActiveCfg = Debug|Any CPU
		{BCBFDF64-7A9B-44D9-A89B-0AC2F0421E04}.Debug|Any CPU.Build.0 = Debug|Any CPU
		{BCBFDF64-7A9B-44D9-A89B-0AC2F0421E04}.Release|Any CPU.ActiveCfg = Release|Any CPU
		{BCBFDF64-7A9B-44D9-A89B-0AC2F0421E04}.Release|Any CPU.Build.0 = Release|Any CPU
	EndGlobalSection
	GlobalSection(SolutionProperties) = preSolution
		HideSolutionNode = FALSE
	EndGlobalSection
	GlobalSection(NestedProjects) = preSolution
		{C1DC91EB-B7F3-458D-9938-29806B3E6D27} = {D8258D7A-4D2C-4609-A8BF-50273FDB4C63}
		{BCBFDF64-7A9B-44D9-A89B-0AC2F0421E04} = {B0B38BF6-BBF9-40AF-A73B-27E71A0E4057}
	EndGlobalSection
	GlobalSection(ExtensibilityGlobals) = postSolution
		SolutionGuid = {F874B6A8-6468-483C-B43E-D7E54D2DA968}
	EndGlobalSection
EndGlobal
